
Microsoft Visual Studio Solution File, Format Version 12.00
Project("{FAE04EC0-301F-11D3-BF4B-00C04F79EFBC}") = "CSharpTP201", "CSharpTP201\CSharpTP201.csproj", "{C5AC64E1-FDB1-45F3-BB25-91705854BD34}"
EndProject
Project("{FAE04EC0-301F-11D3-BF4B-00C04F79EFBC}") = "CSharpTP202", "CSharpTP202\CSharpTP202.csproj", "{6E7F6E23-32CF-47DE-B4B9-53B766CB0C5A}"
EndProject
Project("{FAE04EC0-301F-11D3-BF4B-00C04F79EFBC}") = "CSharpTP203", "CSharpTP203\CSharpTP203.csproj", "{D72AA70E-4F56-471D-AB51-D9ADAAD4253E}"
EndProject
Project("{FAE04EC0-301F-11D3-BF4B-00C04F79EFBC}") = "CSharpTP204", "CSharpTP204\CSharpTP204.csproj", "{F38E0AA2-2452-4ABD-B2AE-078867064EDC}"
EndProject
Project("{FAE04EC0-301F-11D3-BF4B-00C04F79EFBC}") = "CSharpTP205", "CSharpTP205\CSharpTP205.csproj", "{E1BD7984-C75C-45E6-ADBF-0BA377569E77}"
EndProject
Project("{FAE04EC0-301F-11D3-BF4B-00C04F79EFBC}") = "CSharpTP206", "CSharpTP206\CSharpTP206.csproj", "{7009640F-2AA4-43D0-B5F3-2A69FB40115A}"
EndProject
Project("{FAE04EC0-301F-11D3-BF4B-00C04F79EFBC}") = "CSharpTP207", "CSharpTP207\CSharpTP207.csproj", "{0DDA2479-3775-41CE-A9AB-6D6570192629}"
EndProject
Project("{FAE04EC0-301F-11D3-BF4B-00C04F79EFBC}") = "CSharpTP208", "CSharpTP208\CSharpTP208.csproj", "{805037F7-D307-4253-9651-FED9FE4DE341}"
EndProject
Project("{FAE04EC0-301F-11D3-BF4B-00C04F79EFBC}") = "CSharpTP209", "CSharpTP209\CSharpTP209.csproj", "{3A83B290-F0D4-45AD-B458-116C86896E10}"
EndProject
Project("{FAE04EC0-301F-11D3-BF4B-00C04F79EFBC}") = "CSharpTP210", "CSharpTP210\CSharpTP210.csproj", "{CDB1ADA5-EB84-43B0-8A5A-9859D929A331}"
EndProject
Project("{FAE04EC0-301F-11D3-BF4B-00C04F79EFBC}") = "CSharpTP211", "CSharpTP211\CSharpTP211.csproj", "{3D89CDD1-1C7E-40AF-9642-5088FD217E70}"
EndProject
Global
	GlobalSection(SolutionConfigurationPlatforms) = preSolution
		Debug|Any CPU = Debug|Any CPU
		Release|Any CPU = Release|Any CPU
	EndGlobalSection
	GlobalSection(ProjectConfigurationPlatforms) = postSolution
		{C5AC64E1-FDB1-45F3-BB25-91705854BD34}.Debug|Any CPU.ActiveCfg = Debug|Any CPU
		{C5AC64E1-FDB1-45F3-BB25-91705854BD34}.Debug|Any CPU.Build.0 = Debug|Any CPU
		{C5AC64E1-FDB1-45F3-BB25-91705854BD34}.Release|Any CPU.ActiveCfg = Release|Any CPU
		{C5AC64E1-FDB1-45F3-BB25-91705854BD34}.Release|Any CPU.Build.0 = Release|Any CPU
		{6E7F6E23-32CF-47DE-B4B9-53B766CB0C5A}.Debug|Any CPU.ActiveCfg = Debug|Any CPU
		{6E7F6E23-32CF-47DE-B4B9-53B766CB0C5A}.Debug|Any CPU.Build.0 = Debug|Any CPU
		{6E7F6E23-32CF-47DE-B4B9-53B766CB0C5A}.Release|Any CPU.ActiveCfg = Release|Any CPU
		{6E7F6E23-32CF-47DE-B4B9-53B766CB0C5A}.Release|Any CPU.Build.0 = Release|Any CPU
		{D72AA70E-4F56-471D-AB51-D9ADAAD4253E}.Debug|Any CPU.ActiveCfg = Debug|Any CPU
		{D72AA70E-4F56-471D-AB51-D9ADAAD4253E}.Debug|Any CPU.Build.0 = Debug|Any CPU
		{D72AA70E-4F56-471D-AB51-D9ADAAD4253E}.Release|Any CPU.ActiveCfg = Release|Any CPU
		{D72AA70E-4F56-471D-AB51-D9ADAAD4253E}.Release|Any CPU.Build.0 = Release|Any CPU
		{F38E0AA2-2452-4ABD-B2AE-078867064EDC}.Debug|Any CPU.ActiveCfg = Debug|Any CPU
		{F38E0AA2-2452-4ABD-B2AE-078867064EDC}.Debug|Any CPU.Build.0 = Debug|Any CPU
		{F38E0AA2-2452-4ABD-B2AE-078867064EDC}.Release|Any CPU.ActiveCfg = Release|Any CPU
		{F38E0AA2-2452-4ABD-B2AE-078867064EDC}.Release|Any CPU.Build.0 = Release|Any CPU
		{E1BD7984-C75C-45E6-ADBF-0BA377569E77}.Debug|Any CPU.ActiveCfg = Debug|Any CPU
		{E1BD7984-C75C-45E6-ADBF-0BA377569E77}.Debug|Any CPU.Build.0 = Debug|Any CPU
		{E1BD7984-C75C-45E6-ADBF-0BA377569E77}.Release|Any CPU.ActiveCfg = Release|Any CPU
		{E1BD7984-C75C-45E6-ADBF-0BA377569E77}.Release|Any CPU.Build.0 = Release|Any CPU
		{7009640F-2AA4-43D0-B5F3-2A69FB40115A}.Debug|Any CPU.ActiveCfg = Debug|Any CPU
		{7009640F-2AA4-43D0-B5F3-2A69FB40115A}.Debug|Any CPU.Build.0 = Debug|Any CPU
		{7009640F-2AA4-43D0-B5F3-2A69FB40115A}.Release|Any CPU.ActiveCfg = Release|Any CPU
		{7009640F-2AA4-43D0-B5F3-2A69FB40115A}.Release|Any CPU.Build.0 = Release|Any CPU
		{0DDA2479-3775-41CE-A9AB-6D6570192629}.Debug|Any CPU.ActiveCfg = Debug|Any CPU
		{0DDA2479-3775-41CE-A9AB-6D6570192629}.Debug|Any CPU.Build.0 = Debug|Any CPU
		{0DDA2479-3775-41CE-A9AB-6D6570192629}.Release|Any CPU.ActiveCfg = Release|Any CPU
		{0DDA2479-3775-41CE-A9AB-6D6570192629}.Release|Any CPU.Build.0 = Release|Any CPU
		{805037F7-D307-4253-9651-FED9FE4DE341}.Debug|Any CPU.ActiveCfg = Debug|Any CPU
		{805037F7-D307-4253-9651-FED9FE4DE341}.Debug|Any CPU.Build.0 = Debug|Any CPU
		{805037F7-D307-4253-9651-FED9FE4DE341}.Release|Any CPU.ActiveCfg = Release|Any CPU
		{805037F7-D307-4253-9651-FED9FE4DE341}.Release|Any CPU.Build.0 = Release|Any CPU
		{3A83B290-F0D4-45AD-B458-116C86896E10}.Debug|Any CPU.ActiveCfg = Debug|Any CPU
		{3A83B290-F0D4-45AD-B458-116C86896E10}.Debug|Any CPU.Build.0 = Debug|Any CPU
		{3A83B290-F0D4-45AD-B458-116C86896E10}.Release|Any CPU.ActiveCfg = Release|Any CPU
		{3A83B290-F0D4-45AD-B458-116C86896E10}.Release|Any CPU.Build.0 = Release|Any CPU
		{CDB1ADA5-EB84-43B0-8A5A-9859D929A331}.Debug|Any CPU.ActiveCfg = Debug|Any CPU
		{CDB1ADA5-EB84-43B0-8A5A-9859D929A331}.Debug|Any CPU.Build.0 = Debug|Any CPU
		{CDB1ADA5-EB84-43B0-8A5A-9859D929A331}.Release|Any CPU.ActiveCfg = Release|Any CPU
		{CDB1ADA5-EB84-43B0-8A5A-9859D929A331}.Release|Any CPU.Build.0 = Release|Any CPU
		{3D89CDD1-1C7E-40AF-9642-5088FD217E70}.Debug|Any CPU.ActiveCfg = Debug|Any CPU
		{3D89CDD1-1C7E-40AF-9642-5088FD217E70}.Debug|Any CPU.Build.0 = Debug|Any CPU
		{3D89CDD1-1C7E-40AF-9642-5088FD217E70}.Release|Any CPU.ActiveCfg = Release|Any CPU
		{3D89CDD1-1C7E-40AF-9642-5088FD217E70}.Release|Any CPU.Build.0 = Release|Any CPU
	EndGlobalSection
EndGlobal
